<?xml version="1.0" encoding="utf-8"?>
<Project ToolsVersion="4.0" xmlns="http://schemas.microsoft.com/developer/msbuild/2003">
  <ItemGroup>
    <ClCompile Include="tutorial14.cpp" />
    <ClCompile Include="Renderer.cpp" />
    <ClCompile Include="..\nclgl\Camera.cpp" />
    <ClCompile Include="..\nclgl\Light.cpp" />
    <ClCompile Include="..\nclgl\HeightMap.cpp" />
  </ItemGroup>
  <ItemGroup>
    <Filter Include="Header.h">
      <UniqueIdentifier>{807fd55a-5af3-4b8a-afe6-fdad492fc712}</UniqueIdentifier>
    </Filter>
  </ItemGroup>
  <ItemGroup>
    <ClInclude Include="Renderer.h">
      <Filter>Header.h</Filter>
    </ClInclude>
    <ClInclude Include="..\nclgl\Camera.h">
      <Filter>Header.h</Filter>
    </ClInclude>
    <ClInclude Include="..\nclgl\Light.h">
      <Filter>Header.h</Filter>
    </ClInclude>
    <ClInclude Include="..\nclgl\HeightMap.h">
      <Filter>Header.h</Filter>
    </ClInclude>
  </ItemGroup>
</Project>